{
    "version": 3,
    "terraform_version": "0.11.10",
    "serial": 8,
    "lineage": "20fd8689-f2ce-a339-7983-a8c61d3e4e50",
    "modules": [
        {
            "path": [
                "root"
            ],
            "outputs": {
                "more": {
                    "sensitive": false,
                    "type": "string",
                    "value": "327f9618-df51-4c1a-8591-0e230ab122f2"
                }
            },
            "resources": {
                "azurerm_public_ip.myip": {
                    "type": "azurerm_public_ip",
                    "depends_on": [
                        "azurerm_resource_group.thegroup"
                    ],
                    "primary": {
                        "id": "/subscriptions/0ab9ad2e-f316-4da5-b243-e7f65da24755/resourceGroups/table4msapprg/providers/Microsoft.Network/publicIPAddresses/table4mspubip",
                        "attributes": {
                            "id": "/subscriptions/0ab9ad2e-f316-4da5-b243-e7f65da24755/resourceGroups/table4msapprg/providers/Microsoft.Network/publicIPAddresses/table4mspubip",
                            "idle_timeout_in_minutes": "4",
                            "ip_address": "",
                            "ip_version": "ipv4",
                            "location": "australiaeast",
                            "name": "table4mspubip",
                            "public_ip_address_allocation": "dynamic",
                            "resource_group_name": "table4msapprg",
                            "sku": "Basic",
                            "tags.%": "1",
                            "tags.environment": "Testing",
                            "zones.#": "0"
                        },
                        "meta": {},
                        "tainted": false
                    },
                    "deposed": [],
                    "provider": "provider.azurerm"
                },
                "azurerm_resource_group.thegroup": {
                    "type": "azurerm_resource_group",
                    "depends_on": [],
                    "primary": {
                        "id": "/subscriptions/0ab9ad2e-f316-4da5-b243-e7f65da24755/resourceGroups/table4msapprg",
                        "attributes": {
                            "id": "/subscriptions/0ab9ad2e-f316-4da5-b243-e7f65da24755/resourceGroups/table4msapprg",
                            "location": "australiaeast",
                            "name": "table4msapprg",
                            "tags.%": "0"
                        },
                        "meta": {},
                        "tainted": false
                    },
                    "deposed": [],
                    "provider": "provider.azurerm"
                },
                "azurerm_subnet.mysub": {
                    "type": "azurerm_subnet",
                    "depends_on": [
                        "azurerm_resource_group.thegroup",
                        "azurerm_virtual_network.mynet"
                    ],
                    "primary": {
                        "id": "/subscriptions/0ab9ad2e-f316-4da5-b243-e7f65da24755/resourceGroups/table4msapprg/providers/Microsoft.Network/virtualNetworks/table4msvnet/subnets/table4mssubnet",
                        "attributes": {
                            "address_prefix": "10.0.1.0/24",
                            "id": "/subscriptions/0ab9ad2e-f316-4da5-b243-e7f65da24755/resourceGroups/table4msapprg/providers/Microsoft.Network/virtualNetworks/table4msvnet/subnets/table4mssubnet",
                            "ip_configurations.#": "0",
                            "name": "table4mssubnet",
                            "resource_group_name": "table4msapprg",
                            "route_table_id": "",
                            "service_endpoints.#": "0",
                            "virtual_network_name": "table4msvnet"
                        },
                        "meta": {},
                        "tainted": false
                    },
                    "deposed": [],
                    "provider": "provider.azurerm"
                },
                "azurerm_virtual_network.mynet": {
                    "type": "azurerm_virtual_network",
                    "depends_on": [
                        "azurerm_resource_group.thegroup"
                    ],
                    "primary": {
                        "id": "/subscriptions/0ab9ad2e-f316-4da5-b243-e7f65da24755/resourceGroups/table4msapprg/providers/Microsoft.Network/virtualNetworks/table4msvnet",
                        "attributes": {
                            "address_space.#": "1",
                            "address_space.0": "10.0.0.0/16",
                            "dns_servers.#": "0",
                            "id": "/subscriptions/0ab9ad2e-f316-4da5-b243-e7f65da24755/resourceGroups/table4msapprg/providers/Microsoft.Network/virtualNetworks/table4msvnet",
                            "location": "australiaeast",
                            "name": "table4msvnet",
                            "resource_group_name": "table4msapprg",
                            "subnet.#": "0",
                            "tags.%": "1",
                            "tags.environment": "Testing"
                        },
                        "meta": {},
                        "tainted": false
                    },
                    "deposed": [],
                    "provider": "provider.azurerm"
                }
            },
            "depends_on": []
        }
    ]
}
